
Microsoft Visual Studio Solution File, Format Version 12.00
# Visual Studio Version 17
VisualStudioVersion = 17.7.34018.315
MinimumVisualStudioVersion = 10.0.40219.1
Project("{FAE04EC0-301F-11D3-BF4B-00C04F79EFBC}") = "2m_04_kolo", "2m_04_kolo\2m_04_kolo.csproj", "{A39C4173-DEEA-448F-8285-0FE5F5F30643}"
EndProject
Global
	GlobalSection(SolutionConfigurationPlatforms) = preSolution
		Debug|Any CPU = Debug|Any CPU
		Release|Any CPU = Release|Any CPU
	EndGlobalSection
	GlobalSection(ProjectConfigurationPlatforms) = postSolution
		{A39C4173-DEEA-448F-8285-0FE5F5F30643}.Debug|Any CPU.ActiveCfg = Debug|Any CPU
		{A39C4173-DEEA-448F-8285-0FE5F5F30643}.Debug|Any CPU.Build.0 = Debug|Any CPU
		{A39C4173-DEEA-448F-8285-0FE5F5F30643}.Release|Any CPU.ActiveCfg = Release|Any CPU
		{A39C4173-DEEA-448F-8285-0FE5F5F30643}.Release|Any CPU.Build.0 = Release|Any CPU
	EndGlobalSection
	GlobalSection(SolutionProperties) = preSolution
		HideSolutionNode = FALSE
	EndGlobalSection
	GlobalSection(ExtensibilityGlobals) = postSolution
		SolutionGuid = {942DDD72-0369-44A2-B6F1-CD38BF119102}
	EndGlobalSection
EndGlobal
